
Microsoft Visual Studio Solution File, Format Version 12.00
# Visual Studio 15
VisualStudioVersion = 15.0.26730.15
MinimumVisualStudioVersion = 10.0.40219.1
Project("{FAE04EC0-301F-11D3-BF4B-00C04F79EFBC}") = "FibonaciSequence", "FibonaciSequence\FibonaciSequence.csproj", "{C8894EFD-7CCE-4FB9-A70A-E4A49FE6219F}"
EndProject
Global
	GlobalSection(SolutionConfigurationPlatforms) = preSolution
		Debug|Any CPU = Debug|Any CPU
		Release|Any CPU = Release|Any CPU
	EndGlobalSection
	GlobalSection(ProjectConfigurationPlatforms) = postSolution
		{C8894EFD-7CCE-4FB9-A70A-E4A49FE6219F}.Debug|Any CPU.ActiveCfg = Debug|Any CPU
		{C8894EFD-7CCE-4FB9-A70A-E4A49FE6219F}.Debug|Any CPU.Build.0 = Debug|Any CPU
		{C8894EFD-7CCE-4FB9-A70A-E4A49FE6219F}.Release|Any CPU.ActiveCfg = Release|Any CPU
		{C8894EFD-7CCE-4FB9-A70A-E4A49FE6219F}.Release|Any CPU.Build.0 = Release|Any CPU
	EndGlobalSection
	GlobalSection(SolutionProperties) = preSolution
		HideSolutionNode = FALSE
	EndGlobalSection
	GlobalSection(ExtensibilityGlobals) = postSolution
		SolutionGuid = {761EEE50-C670-4AA2-8F69-B7465B9E5A29}
	EndGlobalSection
EndGlobal
